
Microsoft Visual Studio Solution File, Format Version 12.00
# Visual Studio Version 17
VisualStudioVersion = 17.14.37516.0 d17.14
MinimumVisualStudioVersion = 10.0.40219.1
Project("{FAE04EC0-301F-11D3-BF4B-00C04F79EFBC}") = "CapaVista_Peliculas", "CapaVista_Peliculas\CapaVista_Peliculas.csproj", "{123DBBF5-4BD7-4689-A479-2C8F763DBB6F}"
EndProject
Project("{FAE04EC0-301F-11D3-BF4B-00C04F79EFBC}") = "CapaControlador_Peliculas", "CapaControlador_Peliculas\CapaControlador_Peliculas.csproj", "{B583D331-85E2-4F88-BD43-12466D9BE04D}"
EndProject
Project("{FAE04EC0-301F-11D3-BF4B-00C04F79EFBC}") = "CapaModelo_Peliculas", "CapaModelo_Peliculas\CapaModelo_Peliculas.csproj", "{1B88237E-50D3-4252-BE6C-0E043D41DC3F}"
EndProject
Global
	GlobalSection(SolutionConfigurationPlatforms) = preSolution
		Debug|Any CPU = Debug|Any CPU
		Release|Any CPU = Release|Any CPU
	EndGlobalSection
	GlobalSection(ProjectConfigurationPlatforms) = postSolution
		{123DBBF5-4BD7-4689-A479-2C8F763DBB6F}.Debug|Any CPU.ActiveCfg = Debug|Any CPU
		{123DBBF5-4BD7-4689-A479-2C8F763DBB6F}.Debug|Any CPU.Build.0 = Debug|Any CPU
		{123DBBF5-4BD7-4689-A479-2C8F763DBB6F}.Release|Any CPU.ActiveCfg = Release|Any CPU
		{123DBBF5-4BD7-4689-A479-2C8F763DBB6F}.Release|Any CPU.Build.0 = Release|Any CPU
		{B583D331-85E2-4F88-BD43-12466D9BE04D}.Debug|Any CPU.ActiveCfg = Debug|Any CPU
		{B583D331-85E2-4F88-BD43-12466D9BE04D}.Debug|Any CPU.Build.0 = Debug|Any CPU
		{B583D331-85E2-4F88-BD43-12466D9BE04D}.Release|Any CPU.ActiveCfg = Release|Any CPU
		{B583D331-85E2-4F88-BD43-12466D9BE04D}.Release|Any CPU.Build.0 = Release|Any CPU
		{1B88237E-50D3-4252-BE6C-0E043D41DC3F}.Debug|Any CPU.ActiveCfg = Debug|Any CPU
		{1B88237E-50D3-4252-BE6C-0E043D41DC3F}.Debug|Any CPU.Build.0 = Debug|Any CPU
		{1B88237E-50D3-4252-BE6C-0E043D41DC3F}.Release|Any CPU.ActiveCfg = Release|Any CPU
		{1B88237E-50D3-4252-BE6C-0E043D41DC3F}.Release|Any CPU.Build.0 = Release|Any CPU
	EndGlobalSection
	GlobalSection(SolutionProperties) = preSolution
		HideSolutionNode = FALSE
	EndGlobalSection
	GlobalSection(ExtensibilityGlobals) = postSolution
		SolutionGuid = {F35EEF51-F015-437B-B521-B5CAF1F96CD4}
	EndGlobalSection
EndGlobal
